// !$*UTF8*$!
{
	archiveVersion = 1;
	classes = {
	};
	objectVersion = 56;
	objects = {

/* Begin PBXBuildFile section */
		731CD2C429AA6E9000F29A26 /* SDCareApp.swift in Sources */ = {isa = PBXBuildFile; fileRef = 731CD2C329AA6E9000F29A26 /* SDCareApp.swift */; };
		731CD2C629AA6E9000F29A26 /* ContentView.swift in Sources */ = {isa = PBXBuildFile; fileRef = 731CD2C529AA6E9000F29A26 /* ContentView.swift */; };
		731CD2C829AA6E9100F29A26 /* Assets.xcassets in Resources */ = {isa = PBXBuildFile; fileRef = 731CD2C729AA6E9100F29A26 /* Assets.xcassets */; };
		731CD2CC29AA6E9100F29A26 /* Preview Assets.xcassets in Resources */ = {isa = PBXBuildFile; fileRef = 731CD2CB29AA6E9100F29A26 /* Preview Assets.xcassets */; };
		731CD2D629AA6E9100F29A26 /* SDCareTests.swift in Sources */ = {isa = PBXBuildFile; fileRef = 731CD2D529AA6E9100F29A26 /* SDCareTests.swift */; };
		731CD2E029AA6E9100F29A26 /* SDCareUITests.swift in Sources */ = {isa = PBXBuildFile; fileRef = 731CD2DF29AA6E9100F29A26 /* SDCareUITests.swift */; };
		731CD2E229AA6E9100F29A26 /* SDCareUITestsLaunchTests.swift in Sources */ = {isa = PBXBuildFile; fileRef = 731CD2E129AA6E9100F29A26 /* SDCareUITestsLaunchTests.swift */; };
		733E4B1D29BF6C69005E128F /* Report_View.swift in Sources */ = {isa = PBXBuildFile; fileRef = 733E4B1C29BF6C69005E128F /* Report_View.swift */; };
		733E4B1F29BF6C87005E128F /* HomeView.swift in Sources */ = {isa = PBXBuildFile; fileRef = 733E4B1E29BF6C87005E128F /* HomeView.swift */; };
		733E4B2229BF9814005E128F /* AnalogClockView.swift in Sources */ = {isa = PBXBuildFile; fileRef = 733E4B2129BF9814005E128F /* AnalogClockView.swift */; };
		733E4B2429BF982A005E128F /* Time_View.swift in Sources */ = {isa = PBXBuildFile; fileRef = 733E4B2329BF982A005E128F /* Time_View.swift */; };
		7363003429CB790400D13CF5 /* ImagePicker.swift in Sources */ = {isa = PBXBuildFile; fileRef = 7363003329CB790400D13CF5 /* ImagePicker.swift */; };
		737206AA29CF616200451277 /* Report_View_2.swift in Sources */ = {isa = PBXBuildFile; fileRef = 737206A929CF616200451277 /* Report_View_2.swift */; };
		737206AC29CF6BA300451277 /* ReportViewJsonDecoder.swift in Sources */ = {isa = PBXBuildFile; fileRef = 737206AB29CF6BA300451277 /* ReportViewJsonDecoder.swift */; };
		737206AF29CF7AE300451277 /* ReportViewGraphHeartrateJsonDecoder.swift in Sources */ = {isa = PBXBuildFile; fileRef = 737206AE29CF7AE300451277 /* ReportViewGraphHeartrateJsonDecoder.swift */; };
		739A4F0129CF2647009DDBB8 /* HomeScreenJsonDecoder.swift in Sources */ = {isa = PBXBuildFile; fileRef = 739A4F0029CF2647009DDBB8 /* HomeScreenJsonDecoder.swift */; };
		73FE5DFA29CAF85B0000CA77 /* Setting_View.swift in Sources */ = {isa = PBXBuildFile; fileRef = 73FE5DF929CAF85B0000CA77 /* Setting_View.swift */; };
/* End PBXBuildFile section */

/* Begin PBXContainerItemProxy section */
		731CD2D229AA6E9100F29A26 /* PBXContainerItemProxy */ = {
			isa = PBXContainerItemProxy;
			containerPortal = 731CD2B829AA6E9000F29A26 /* Project object */;
			proxyType = 1;
			remoteGlobalIDString = 731CD2BF29AA6E9000F29A26;
			remoteInfo = SDCare;
		};
		731CD2DC29AA6E9100F29A26 /* PBXContainerItemProxy */ = {
			isa = PBXContainerItemProxy;
			containerPortal = 731CD2B829AA6E9000F29A26 /* Project object */;
			proxyType = 1;
			remoteGlobalIDString = 731CD2BF29AA6E9000F29A26;
			remoteInfo = SDCare;
		};
/* End PBXContainerItemProxy section */

/* Begin PBXFileReference section */
		731CD2C029AA6E9000F29A26 /* SDCare.app */ = {isa = PBXFileReference; explicitFileType = wrapper.application; includeInIndex = 0; path = SDCare.app; sourceTree = BUILT_PRODUCTS_DIR; };
		731CD2C329AA6E9000F29A26 /* SDCareApp.swift */ = {isa = PBXFileReference; lastKnownFileType = sourcecode.swift; path = SDCareApp.swift; sourceTree = "<group>"; };
		731CD2C529AA6E9000F29A26 /* ContentView.swift */ = {isa = PBXFileReference; lastKnownFileType = sourcecode.swift; path = ContentView.swift; sourceTree = "<group>"; };
		731CD2C729AA6E9100F29A26 /* Assets.xcassets */ = {isa = PBXFileReference; lastKnownFileType = folder.assetcatalog; path = Assets.xcassets; sourceTree = "<group>"; };
		731CD2C929AA6E9100F29A26 /* SDCare.entitlements */ = {isa = PBXFileReference; lastKnownFileType = text.plist.entitlements; path = SDCare.entitlements; sourceTree = "<group>"; };
		731CD2CB29AA6E9100F29A26 /* Preview Assets.xcassets */ = {isa = PBXFileReference; lastKnownFileType = folder.assetcatalog; path = "Preview Assets.xcassets"; sourceTree = "<group>"; };
		731CD2D129AA6E9100F29A26 /* SDCareTests.xctest */ = {isa = PBXFileReference; explicitFileType = wrapper.cfbundle; includeInIndex = 0; path = SDCareTests.xctest; sourceTree = BUILT_PRODUCTS_DIR; };
		731CD2D529AA6E9100F29A26 /* SDCareTests.swift */ = {isa = PBXFileReference; lastKnownFileType = sourcecode.swift; path = SDCareTests.swift; sourceTree = "<group>"; };
		731CD2DB29AA6E9100F29A26 /* SDCareUITests.xctest */ = {isa = PBXFileReference; explicitFileType = wrapper.cfbundle; includeInIndex = 0; path = SDCareUITests.xctest; sourceTree = BUILT_PRODUCTS_DIR; };
		731CD2DF29AA6E9100F29A26 /* SDCareUITests.swift */ = {isa = PBXFileReference; lastKnownFileType = sourcecode.swift; path = SDCareUITests.swift; sourceTree = "<group>"; };
		731CD2E129AA6E9100F29A26 /* SDCareUITestsLaunchTests.swift */ = {isa = PBXFileReference; lastKnownFileType = sourcecode.swift; path = SDCareUITestsLaunchTests.swift; sourceTree = "<group>"; };
		733E4B1C29BF6C69005E128F /* Report_View.swift */ = {isa = PBXFileReference; lastKnownFileType = sourcecode.swift; path = Report_View.swift; sourceTree = "<group>"; };
		733E4B1E29BF6C87005E128F /* HomeView.swift */ = {isa = PBXFileReference; lastKnownFileType = sourcecode.swift; path = HomeView.swift; sourceTree = "<group>"; };
		733E4B2129BF9814005E128F /* AnalogClockView.swift */ = {isa = PBXFileReference; lastKnownFileType = sourcecode.swift; path = AnalogClockView.swift; sourceTree = "<group>"; };
		733E4B2329BF982A005E128F /* Time_View.swift */ = {isa = PBXFileReference; lastKnownFileType = sourcecode.swift; path = Time_View.swift; sourceTree = "<group>"; };
		7363003329CB790400D13CF5 /* ImagePicker.swift */ = {isa = PBXFileReference; lastKnownFileType = sourcecode.swift; path = ImagePicker.swift; sourceTree = "<group>"; };
		737206A929CF616200451277 /* Report_View_2.swift */ = {isa = PBXFileReference; lastKnownFileType = sourcecode.swift; path = Report_View_2.swift; sourceTree = "<group>"; };
		737206AB29CF6BA300451277 /* ReportViewJsonDecoder.swift */ = {isa = PBXFileReference; lastKnownFileType = sourcecode.swift; path = ReportViewJsonDecoder.swift; sourceTree = "<group>"; };
		737206AE29CF7AE300451277 /* ReportViewGraphHeartrateJsonDecoder.swift */ = {isa = PBXFileReference; lastKnownFileType = sourcecode.swift; path = ReportViewGraphHeartrateJsonDecoder.swift; sourceTree = "<group>"; };
		739A4F0029CF2647009DDBB8 /* HomeScreenJsonDecoder.swift */ = {isa = PBXFileReference; lastKnownFileType = sourcecode.swift; path = HomeScreenJsonDecoder.swift; sourceTree = "<group>"; };
		73FE5DF929CAF85B0000CA77 /* Setting_View.swift */ = {isa = PBXFileReference; lastKnownFileType = sourcecode.swift; path = Setting_View.swift; sourceTree = "<group>"; };
/* End PBXFileReference section */

/* Begin PBXFrameworksBuildPhase section */
		731CD2BD29AA6E9000F29A26 /* Frameworks */ = {
			isa = PBXFrameworksBuildPhase;
			buildActionMask = 2147483647;
			files = (
			);
			runOnlyForDeploymentPostprocessing = 0;
		};
		731CD2CE29AA6E9100F29A26 /* Frameworks */ = {
			isa = PBXFrameworksBuildPhase;
			buildActionMask = 2147483647;
			files = (
			);
			runOnlyForDeploymentPostprocessing = 0;
		};
		731CD2D829AA6E9100F29A26 /* Frameworks */ = {
			isa = PBXFrameworksBuildPhase;
			buildActionMask = 2147483647;
			files = (
			);
			runOnlyForDeploymentPostprocessing = 0;
		};
/* End PBXFrameworksBuildPhase section */

/* Begin PBXGroup section */
		731CD2B729AA6E9000F29A26 = {
			isa = PBXGroup;
			children = (
				731CD2C229AA6E9000F29A26 /* SDCare */,
				731CD2D429AA6E9100F29A26 /* SDCareTests */,
				731CD2DE29AA6E9100F29A26 /* SDCareUITests */,
				731CD2C129AA6E9000F29A26 /* Products */,
			);
			sourceTree = "<group>";
		};
		731CD2C129AA6E9000F29A26 /* Products */ = {
			isa = PBXGroup;
			children = (
				731CD2C029AA6E9000F29A26 /* SDCare.app */,
				731CD2D129AA6E9100F29A26 /* SDCareTests.xctest */,
				731CD2DB29AA6E9100F29A26 /* SDCareUITests.xctest */,
			);
			name = Products;
			sourceTree = "<group>";
		};
		731CD2C229AA6E9000F29A26 /* SDCare */ = {
			isa = PBXGroup;
			children = (
				739A4EFF29CF2632009DDBB8 /* Backend */,
				731CD2C329AA6E9000F29A26 /* SDCareApp.swift */,
				731CD2C529AA6E9000F29A26 /* ContentView.swift */,
				733E4B2329BF982A005E128F /* Time_View.swift */,
				73FE5DF929CAF85B0000CA77 /* Setting_View.swift */,
				7363003329CB790400D13CF5 /* ImagePicker.swift */,
				733E4B1E29BF6C87005E128F /* HomeView.swift */,
				733E4B1C29BF6C69005E128F /* Report_View.swift */,
				737206A929CF616200451277 /* Report_View_2.swift */,
				733E4B2129BF9814005E128F /* AnalogClockView.swift */,
				731CD2C729AA6E9100F29A26 /* Assets.xcassets */,
				731CD2C929AA6E9100F29A26 /* SDCare.entitlements */,
				731CD2CA29AA6E9100F29A26 /* Preview Content */,
			);
			path = SDCare;
			sourceTree = "<group>";
		};
		731CD2CA29AA6E9100F29A26 /* Preview Content */ = {
			isa = PBXGroup;
			children = (
				731CD2CB29AA6E9100F29A26 /* Preview Assets.xcassets */,
			);
			path = "Preview Content";
			sourceTree = "<group>";
		};
		731CD2D429AA6E9100F29A26 /* SDCareTests */ = {
			isa = PBXGroup;
			children = (
				731CD2D529AA6E9100F29A26 /* SDCareTests.swift */,
			);
			path = SDCareTests;
			sourceTree = "<group>";
		};
		731CD2DE29AA6E9100F29A26 /* SDCareUITests */ = {
			isa = PBXGroup;
			children = (
				731CD2DF29AA6E9100F29A26 /* SDCareUITests.swift */,
				731CD2E129AA6E9100F29A26 /* SDCareUITestsLaunchTests.swift */,
			);
			path = SDCareUITests;
			sourceTree = "<group>";
		};
		739A4EFF29CF2632009DDBB8 /* Backend */ = {
			isa = PBXGroup;
			children = (
				739A4F0029CF2647009DDBB8 /* HomeScreenJsonDecoder.swift */,
				737206AB29CF6BA300451277 /* ReportViewJsonDecoder.swift */,
				737206AE29CF7AE300451277 /* ReportViewGraphHeartrateJsonDecoder.swift */,
			);
			path = Backend;
			sourceTree = "<group>";
		};
/* End PBXGroup section */

/* Begin PBXNativeTarget section */
		731CD2BF29AA6E9000F29A26 /* SDCare */ = {
			isa = PBXNativeTarget;
			buildConfigurationList = 731CD2E529AA6E9100F29A26 /* Build configuration list for PBXNativeTarget "SDCare" */;
			buildPhases = (
				731CD2BC29AA6E9000F29A26 /* Sources */,
				731CD2BD29AA6E9000F29A26 /* Frameworks */,
				731CD2BE29AA6E9000F29A26 /* Resources */,
			);
			buildRules = (
			);
			dependencies = (
			);
			name = SDCare;
			productName = SDCare;
			productReference = 731CD2C029AA6E9000F29A26 /* SDCare.app */;
			productType = "com.apple.product-type.application";
		};
		731CD2D029AA6E9100F29A26 /* SDCareTests */ = {
			isa = PBXNativeTarget;
			buildConfigurationList = 731CD2E829AA6E9100F29A26 /* Build configuration list for PBXNativeTarget "SDCareTests" */;
			buildPhases = (
				731CD2CD29AA6E9100F29A26 /* Sources */,
				731CD2CE29AA6E9100F29A26 /* Frameworks */,
				731CD2CF29AA6E9100F29A26 /* Resources */,
			);
			buildRules = (
			);
			dependencies = (
				731CD2D329AA6E9100F29A26 /* PBXTargetDependency */,
			);
			name = SDCareTests;
			productName = SDCareTests;
			productReference = 731CD2D129AA6E9100F29A26 /* SDCareTests.xctest */;
			productType = "com.apple.product-type.bundle.unit-test";
		};
		731CD2DA29AA6E9100F29A26 /* SDCareUITests */ = {
			isa = PBXNativeTarget;
			buildConfigurationList = 731CD2EB29AA6E9100F29A26 /* Build configuration list for PBXNativeTarget "SDCareUITests" */;
			buildPhases = (
				731CD2D729AA6E9100F29A26 /* Sources */,
				731CD2D829AA6E9100F29A26 /* Frameworks */,
				731CD2D929AA6E9100F29A26 /* Resources */,
			);
			buildRules = (
			);
			dependencies = (
				731CD2DD29AA6E9100F29A26 /* PBXTargetDependency */,
			);
			name = SDCareUITests;
			productName = SDCareUITests;
			productReference = 731CD2DB29AA6E9100F29A26 /* SDCareUITests.xctest */;
			productType = "com.apple.product-type.bundle.ui-testing";
		};
/* End PBXNativeTarget section */

/* Begin PBXProject section */
		731CD2B829AA6E9000F29A26 /* Project object */ = {
			isa = PBXProject;
			attributes = {
				BuildIndependentTargetsInParallel = 1;
				LastSwiftUpdateCheck = 1420;
				LastUpgradeCheck = 1420;
				TargetAttributes = {
					731CD2BF29AA6E9000F29A26 = {
						CreatedOnToolsVersion = 14.2;
					};
					731CD2D029AA6E9100F29A26 = {
						CreatedOnToolsVersion = 14.2;
						TestTargetID = 731CD2BF29AA6E9000F29A26;
					};
					731CD2DA29AA6E9100F29A26 = {
						CreatedOnToolsVersion = 14.2;
						TestTargetID = 731CD2BF29AA6E9000F29A26;
					};
				};
			};
			buildConfigurationList = 731CD2BB29AA6E9000F29A26 /* Build configuration list for PBXProject "SDCare" */;
			compatibilityVersion = "Xcode 14.0";
			developmentRegion = en;
			hasScannedForEncodings = 0;
			knownRegions = (
				en,
				Base,
			);
			mainGroup = 731CD2B729AA6E9000F29A26;
			packageReferences = (
			);
			productRefGroup = 731CD2C129AA6E9000F29A26 /* Products */;
			projectDirPath = "";
			projectRoot = "";
			targets = (
				731CD2BF29AA6E9000F29A26 /* SDCare */,
				731CD2D029AA6E9100F29A26 /* SDCareTests */,
				731CD2DA29AA6E9100F29A26 /* SDCareUITests */,
			);
		};
/* End PBXProject section */

/* Begin PBXResourcesBuildPhase section */
		731CD2BE29AA6E9000F29A26 /* Resources */ = {
			isa = PBXResourcesBuildPhase;
			buildActionMask = 2147483647;
			files = (
				731CD2CC29AA6E9100F29A26 /* Preview Assets.xcassets in Resources */,
				731CD2C829AA6E9100F29A26 /* Assets.xcassets in Resources */,
			);
			runOnlyForDeploymentPostprocessing = 0;
		};
		731CD2CF29AA6E9100F29A26 /* Resources */ = {
			isa = PBXResourcesBuildPhase;
			buildActionMask = 2147483647;
			files = (
			);
			runOnlyForDeploymentPostprocessing = 0;
		};
		731CD2D929AA6E9100F29A26 /* Resources */ = {
			isa = PBXResourcesBuildPhase;
			buildActionMask = 2147483647;
			files = (
			);
			runOnlyForDeploymentPostprocessing = 0;
		};
/* End PBXResourcesBuildPhase section */

/* Begin PBXSourcesBuildPhase section */
		731CD2BC29AA6E9000F29A26 /* Sources */ = {
			isa = PBXSourcesBuildPhase;
			buildActionMask = 2147483647;
			files = (
				737206AC29CF6BA300451277 /* ReportViewJsonDecoder.swift in Sources */,
				739A4F0129CF2647009DDBB8 /* HomeScreenJsonDecoder.swift in Sources */,
				731CD2C629AA6E9000F29A26 /* ContentView.swift in Sources */,
				733E4B1F29BF6C87005E128F /* HomeView.swift in Sources */,
				737206AA29CF616200451277 /* Report_View_2.swift in Sources */,
				737206AF29CF7AE300451277 /* ReportViewGraphHeartrateJsonDecoder.swift in Sources */,
				731CD2C429AA6E9000F29A26 /* SDCareApp.swift in Sources */,
				73FE5DFA29CAF85B0000CA77 /* Setting_View.swift in Sources */,
				733E4B2429BF982A005E128F /* Time_View.swift in Sources */,
				7363003429CB790400D13CF5 /* ImagePicker.swift in Sources */,
				733E4B2229BF9814005E128F /* AnalogClockView.swift in Sources */,
				733E4B1D29BF6C69005E128F /* Report_View.swift in Sources */,
			);
			runOnlyForDeploymentPostprocessing = 0;
		};
		731CD2CD29AA6E9100F29A26 /* Sources */ = {
			isa = PBXSourcesBuildPhase;
			buildActionMask = 2147483647;
			files = (
				731CD2D629AA6E9100F29A26 /* SDCareTests.swift in Sources */,
			);
			runOnlyForDeploymentPostprocessing = 0;
		};
		731CD2D729AA6E9100F29A26 /* Sources */ = {
			isa = PBXSourcesBuildPhase;
			buildActionMask = 2147483647;
			files = (
				731CD2E229AA6E9100F29A26 /* SDCareUITestsLaunchTests.swift in Sources */,
				731CD2E029AA6E9100F29A26 /* SDCareUITests.swift in Sources */,
			);
			runOnlyForDeploymentPostprocessing = 0;
		};
/* End PBXSourcesBuildPhase section */

/* Begin PBXTargetDependency section */
		731CD2D329AA6E9100F29A26 /* PBXTargetDependency */ = {
			isa = PBXTargetDependency;
			target = 731CD2BF29AA6E9000F29A26 /* SDCare */;
			targetProxy = 731CD2D229AA6E9100F29A26 /* PBXContainerItemProxy */;
		};
		731CD2DD29AA6E9100F29A26 /* PBXTargetDependency */ = {
			isa = PBXTargetDependency;
			target = 731CD2BF29AA6E9000F29A26 /* SDCare */;
			targetProxy = 731CD2DC29AA6E9100F29A26 /* PBXContainerItemProxy */;
		};
/* End PBXTargetDependency section */

/* Begin XCBuildConfiguration section */
		731CD2E329AA6E9100F29A26 /* Debug */ = {
			isa = XCBuildConfiguration;
			buildSettings = {
				ALWAYS_SEARCH_USER_PATHS = NO;
				CLANG_ANALYZER_NONNULL = YES;
				CLANG_ANALYZER_NUMBER_OBJECT_CONVERSION = YES_AGGRESSIVE;
				CLANG_CXX_LANGUAGE_STANDARD = "gnu++20";
				CLANG_ENABLE_MODULES = YES;
				CLANG_ENABLE_OBJC_ARC = YES;
				CLANG_ENABLE_OBJC_WEAK = YES;
				CLANG_WARN_BLOCK_CAPTURE_AUTORELEASING = YES;
				CLANG_WARN_BOOL_CONVERSION = YES;
				CLANG_WARN_COMMA = YES;
				CLANG_WARN_CONSTANT_CONVERSION = YES;
				CLANG_WARN_DEPRECATED_OBJC_IMPLEMENTATIONS = YES;
				CLANG_WARN_DIRECT_OBJC_ISA_USAGE = YES_ERROR;
				CLANG_WARN_DOCUMENTATION_COMMENTS = YES;
				CLANG_WARN_EMPTY_BODY = YES;
				CLANG_WARN_ENUM_CONVERSION = YES;
				CLANG_WARN_INFINITE_RECURSION = YES;
				CLANG_WARN_INT_CONVERSION = YES;
				CLANG_WARN_NON_LITERAL_NULL_CONVERSION = YES;
				CLANG_WARN_OBJC_IMPLICIT_RETAIN_SELF = YES;
				CLANG_WARN_OBJC_LITERAL_CONVERSION = YES;
				CLANG_WARN_OBJC_ROOT_CLASS = YES_ERROR;
				CLANG_WARN_QUOTED_INCLUDE_IN_FRAMEWORK_HEADER = YES;
				CLANG_WARN_RANGE_LOOP_ANALYSIS = YES;
				CLANG_WARN_STRICT_PROTOTYPES = YES;
				CLANG_WARN_SUSPICIOUS_MOVE = YES;
				CLANG_WARN_UNGUARDED_AVAILABILITY = YES_AGGRESSIVE;
				CLANG_WARN_UNREACHABLE_CODE = YES;
				CLANG_WARN__DUPLICATE_METHOD_MATCH = YES;
				COPY_PHASE_STRIP = NO;
				DEBUG_INFORMATION_FORMAT = dwarf;
				ENABLE_STRICT_OBJC_MSGSEND = YES;
				ENABLE_TESTABILITY = YES;
				GCC_C_LANGUAGE_STANDARD = gnu11;
				GCC_DYNAMIC_NO_PIC = NO;
				GCC_NO_COMMON_BLOCKS = YES;
				GCC_OPTIMIZATION_LEVEL = 0;
				GCC_PREPROCESSOR_DEFINITIONS = (
					"DEBUG=1",
					"$(inherited)",
				);
				GCC_WARN_64_TO_32_BIT_CONVERSION = YES;
				GCC_WARN_ABOUT_RETURN_TYPE = YES_ERROR;
				GCC_WARN_UNDECLARED_SELECTOR = YES;
				GCC_WARN_UNINITIALIZED_AUTOS = YES_AGGRESSIVE;
				GCC_WARN_UNUSED_FUNCTION = YES;
				GCC_WARN_UNUSED_VARIABLE = YES;
				MTL_ENABLE_DEBUG_INFO = INCLUDE_SOURCE;
				MTL_FAST_MATH = YES;
				ONLY_ACTIVE_ARCH = YES;
				SWIFT_ACTIVE_COMPILATION_CONDITIONS = DEBUG;
				SWIFT_OPTIMIZATION_LEVEL = "-Onone";
			};
			name = Debug;
		};
		731CD2E429AA6E9100F29A26 /* Release */ = {
			isa = XCBuildConfiguration;
			buildSettings = {
				ALWAYS_SEARCH_USER_PATHS = NO;
				CLANG_ANALYZER_NONNULL = YES;
				CLANG_ANALYZER_NUMBER_OBJECT_CONVERSION = YES_AGGRESSIVE;
				CLANG_CXX_LANGUAGE_STANDARD = "gnu++20";
				CLANG_ENABLE_MODULES = YES;
				CLANG_ENABLE_OBJC_ARC = YES;
				CLANG_ENABLE_OBJC_WEAK = YES;
				CLANG_WARN_BLOCK_CAPTURE_AUTORELEASING = YES;
				CLANG_WARN_BOOL_CONVERSION = YES;
				CLANG_WARN_COMMA = YES;
				CLANG_WARN_CONSTANT_CONVERSION = YES;
				CLANG_WARN_DEPRECATED_OBJC_IMPLEMENTATIONS = YES;
				CLANG_WARN_DIRECT_OBJC_ISA_USAGE = YES_ERROR;
				CLANG_WARN_DOCUMENTATION_COMMENTS = YES;
				CLANG_WARN_EMPTY_BODY = YES;
				CLANG_WARN_ENUM_CONVERSION = YES;
				CLANG_WARN_INFINITE_RECURSION = YES;
				CLANG_WARN_INT_CONVERSION = YES;
				CLANG_WARN_NON_LITERAL_NULL_CONVERSION = YES;
				CLANG_WARN_OBJC_IMPLICIT_RETAIN_SELF = YES;
				CLANG_WARN_OBJC_LITERAL_CONVERSION = YES;
				CLANG_WARN_OBJC_ROOT_CLASS = YES_ERROR;
				CLANG_WARN_QUOTED_INCLUDE_IN_FRAMEWORK_HEADER = YES;
				CLANG_WARN_RANGE_LOOP_ANALYSIS = YES;
				CLANG_WARN_STRICT_PROTOTYPES = YES;
				CLANG_WARN_SUSPICIOUS_MOVE = YES;
				CLANG_WARN_UNGUARDED_AVAILABILITY = YES_AGGRESSIVE;
				CLANG_WARN_UNREACHABLE_CODE = YES;
				CLANG_WARN__DUPLICATE_METHOD_MATCH = YES;
				COPY_PHASE_STRIP = NO;
				DEBUG_INFORMATION_FORMAT = "dwarf-with-dsym";
				ENABLE_NS_ASSERTIONS = NO;
				ENABLE_STRICT_OBJC_MSGSEND = YES;
				GCC_C_LANGUAGE_STANDARD = gnu11;
				GCC_NO_COMMON_BLOCKS = YES;
				GCC_WARN_64_TO_32_BIT_CONVERSION = YES;
				GCC_WARN_ABOUT_RETURN_TYPE = YES_ERROR;
				GCC_WARN_UNDECLARED_SELECTOR = YES;
				GCC_WARN_UNINITIALIZED_AUTOS = YES_AGGRESSIVE;
				GCC_WARN_UNUSED_FUNCTION = YES;
				GCC_WARN_UNUSED_VARIABLE = YES;
				MTL_ENABLE_DEBUG_INFO = NO;
				MTL_FAST_MATH = YES;
				SWIFT_COMPILATION_MODE = wholemodule;
				SWIFT_OPTIMIZATION_LEVEL = "-O";
			};
			name = Release;
		};
		731CD2E629AA6E9100F29A26 /* Debug */ = {
			isa = XCBuildConfiguration;
			buildSettings = {
				ASSETCATALOG_COMPILER_APPICON_NAME = AppIcon;
				ASSETCATALOG_COMPILER_GLOBAL_ACCENT_COLOR_NAME = AccentColor;
				CODE_SIGN_ENTITLEMENTS = SDCare/SDCare.entitlements;
				CODE_SIGN_STYLE = Automatic;
				CURRENT_PROJECT_VERSION = 4;
				DEVELOPMENT_ASSET_PATHS = "\"SDCare/Preview Content\"";
				DEVELOPMENT_TEAM = 3LC3M2K977;
				ENABLE_HARDENED_RUNTIME = YES;
				ENABLE_PREVIEWS = YES;
				GENERATE_INFOPLIST_FILE = YES;
				"INFOPLIST_KEY_UIApplicationSceneManifest_Generation[sdk=iphoneos*]" = YES;
				"INFOPLIST_KEY_UIApplicationSceneManifest_Generation[sdk=iphonesimulator*]" = YES;
				"INFOPLIST_KEY_UIApplicationSupportsIndirectInputEvents[sdk=iphoneos*]" = YES;
				"INFOPLIST_KEY_UIApplicationSupportsIndirectInputEvents[sdk=iphonesimulator*]" = YES;
				"INFOPLIST_KEY_UILaunchScreen_Generation[sdk=iphoneos*]" = YES;
				"INFOPLIST_KEY_UILaunchScreen_Generation[sdk=iphonesimulator*]" = YES;
				"INFOPLIST_KEY_UIStatusBarStyle[sdk=iphoneos*]" = UIStatusBarStyleDefault;
				"INFOPLIST_KEY_UIStatusBarStyle[sdk=iphonesimulator*]" = UIStatusBarStyleDefault;
				INFOPLIST_KEY_UISupportedInterfaceOrientations_iPad = "UIInterfaceOrientationPortrait UIInterfaceOrientationPortraitUpsideDown UIInterfaceOrientationLandscapeLeft UIInterfaceOrientationLandscapeRight";
				INFOPLIST_KEY_UISupportedInterfaceOrientations_iPhone = "UIInterfaceOrientationPortrait UIInterfaceOrientationLandscapeLeft UIInterfaceOrientationLandscapeRight";
				INFOPLIST_KEY_UIUserInterfaceStyle = Light;
				IPHONEOS_DEPLOYMENT_TARGET = 16.1;
				LD_RUNPATH_SEARCH_PATHS = "@executable_path/Frameworks";
				"LD_RUNPATH_SEARCH_PATHS[sdk=macosx*]" = "@executable_path/../Frameworks";
				MACOSX_DEPLOYMENT_TARGET = 13.1;
				MARKETING_VERSION = 1.0;
				PRODUCT_BUNDLE_IDENTIFIER = vasapol.SDCare;
				PRODUCT_NAME = "$(TARGET_NAME)";
				SDKROOT = auto;
				SUPPORTED_PLATFORMS = "iphoneos iphonesimulator macosx";
				SUPPORTS_MACCATALYST = NO;
				SUPPORTS_MAC_DESIGNED_FOR_IPHONE_IPAD = NO;
				SWIFT_EMIT_LOC_STRINGS = YES;
				SWIFT_VERSION = 5.0;
				TARGETED_DEVICE_FAMILY = 1;
			};
			name = Debug;
		};
		731CD2E729AA6E9100F29A26 /* Release */ = {
			isa = XCBuildConfiguration;
			buildSettings = {
				ASSETCATALOG_COMPILER_APPICON_NAME = AppIcon;
				ASSETCATALOG_COMPILER_GLOBAL_ACCENT_COLOR_NAME = AccentColor;
				CODE_SIGN_ENTITLEMENTS = SDCare/SDCare.entitlements;
				CODE_SIGN_STYLE = Automatic;
				CURRENT_PROJECT_VERSION = 4;
				DEVELOPMENT_ASSET_PATHS = "\"SDCare/Preview Content\"";
				DEVELOPMENT_TEAM = 3LC3M2K977;
				ENABLE_HARDENED_RUNTIME = YES;
				ENABLE_PREVIEWS = YES;
				GENERATE_INFOPLIST_FILE = YES;
				"INFOPLIST_KEY_UIApplicationSceneManifest_Generation[sdk=iphoneos*]" = YES;
				"INFOPLIST_KEY_UIApplicationSceneManifest_Generation[sdk=iphonesimulator*]" = YES;
				"INFOPLIST_KEY_UIApplicationSupportsIndirectInputEvents[sdk=iphoneos*]" = YES;
				"INFOPLIST_KEY_UIApplicationSupportsIndirectInputEvents[sdk=iphonesimulator*]" = YES;
				"INFOPLIST_KEY_UILaunchScreen_Generation[sdk=iphoneos*]" = YES;
				"INFOPLIST_KEY_UILaunchScreen_Generation[sdk=iphonesimulator*]" = YES;
				"INFOPLIST_KEY_UIStatusBarStyle[sdk=iphoneos*]" = UIStatusBarStyleDefault;
				"INFOPLIST_KEY_UIStatusBarStyle[sdk=iphonesimulator*]" = UIStatusBarStyleDefault;
				INFOPLIST_KEY_UISupportedInterfaceOrientations_iPad = "UIInterfaceOrientationPortrait UIInterfaceOrientationPortraitUpsideDown UIInterfaceOrientationLandscapeLeft UIInterfaceOrientationLandscapeRight";
				INFOPLIST_KEY_UISupportedInterfaceOrientations_iPhone = "UIInterfaceOrientationPortrait UIInterfaceOrientationLandscapeLeft UIInterfaceOrientationLandscapeRight";
				INFOPLIST_KEY_UIUserInterfaceStyle = Light;
				IPHONEOS_DEPLOYMENT_TARGET = 16.1;
				LD_RUNPATH_SEARCH_PATHS = "@executable_path/Frameworks";
				"LD_RUNPATH_SEARCH_PATHS[sdk=macosx*]" = "@executable_path/../Frameworks";
				MACOSX_DEPLOYMENT_TARGET = 13.1;
				MARKETING_VERSION = 1.0;
				PRODUCT_BUNDLE_IDENTIFIER = vasapol.SDCare;
				PRODUCT_NAME = "$(TARGET_NAME)";
				SDKROOT = auto;
				SUPPORTED_PLATFORMS = "iphoneos iphonesimulator macosx";
				SUPPORTS_MACCATALYST = NO;
				SUPPORTS_MAC_DESIGNED_FOR_IPHONE_IPAD = NO;
				SWIFT_EMIT_LOC_STRINGS = YES;
				SWIFT_VERSION = 5.0;
				TARGETED_DEVICE_FAMILY = 1;
			};
			name = Release;
		};
		731CD2E929AA6E9100F29A26 /* Debug */ = {
			isa = XCBuildConfiguration;
			buildSettings = {
				ALWAYS_EMBED_SWIFT_STANDARD_LIBRARIES = YES;
				BUNDLE_LOADER = "$(TEST_HOST)";
				CODE_SIGN_STYLE = Automatic;
				CURRENT_PROJECT_VERSION = 1;
				DEVELOPMENT_TEAM = 3LC3M2K977;
				GENERATE_INFOPLIST_FILE = YES;
				INFOPLIST_KEY_NSPhotoLibraryAddUsageDescription = "Add profile to software";
				IPHONEOS_DEPLOYMENT_TARGET = 16.2;
				MACOSX_DEPLOYMENT_TARGET = 13.1;
				MARKETING_VERSION = 1.0;
				PRODUCT_BUNDLE_IDENTIFIER = vasapol.SDCareTests;
				PRODUCT_NAME = "$(TARGET_NAME)";
				SDKROOT = auto;
				SUPPORTED_PLATFORMS = "iphoneos iphonesimulator macosx";
				SWIFT_EMIT_LOC_STRINGS = NO;
				SWIFT_VERSION = 5.0;
				TARGETED_DEVICE_FAMILY = "1,2";
				TEST_HOST = "$(BUILT_PRODUCTS_DIR)/SDCare.app/$(BUNDLE_EXECUTABLE_FOLDER_PATH)/SDCare";
			};
			name = Debug;
		};
		731CD2EA29AA6E9100F29A26 /* Release */ = {
			isa = XCBuildConfiguration;
			buildSettings = {
				ALWAYS_EMBED_SWIFT_STANDARD_LIBRARIES = YES;
				BUNDLE_LOADER = "$(TEST_HOST)";
				CODE_SIGN_STYLE = Automatic;
				CURRENT_PROJECT_VERSION = 1;
				DEVELOPMENT_TEAM = 3LC3M2K977;
				GENERATE_INFOPLIST_FILE = YES;
				INFOPLIST_KEY_NSPhotoLibraryAddUsageDescription = "Add profile to software";
				IPHONEOS_DEPLOYMENT_TARGET = 16.2;
				MACOSX_DEPLOYMENT_TARGET = 13.1;
				MARKETING_VERSION = 1.0;
				PRODUCT_BUNDLE_IDENTIFIER = vasapol.SDCareTests;
				PRODUCT_NAME = "$(TARGET_NAME)";
				SDKROOT = auto;
				SUPPORTED_PLATFORMS = "iphoneos iphonesimulator macosx";
				SWIFT_EMIT_LOC_STRINGS = NO;
				SWIFT_VERSION = 5.0;
				TARGETED_DEVICE_FAMILY = "1,2";
				TEST_HOST = "$(BUILT_PRODUCTS_DIR)/SDCare.app/$(BUNDLE_EXECUTABLE_FOLDER_PATH)/SDCare";
			};
			name = Release;
		};
		731CD2EC29AA6E9100F29A26 /* Debug */ = {
			isa = XCBuildConfiguration;
			buildSettings = {
				ALWAYS_EMBED_SWIFT_STANDARD_LIBRARIES = YES;
				CODE_SIGN_STYLE = Automatic;
				CURRENT_PROJECT_VERSION = 1;
				DEVELOPMENT_TEAM = 3LC3M2K977;
				GENERATE_INFOPLIST_FILE = YES;
				IPHONEOS_DEPLOYMENT_TARGET = 16.2;
				MACOSX_DEPLOYMENT_TARGET = 13.1;
				MARKETING_VERSION = 1.0;
				PRODUCT_BUNDLE_IDENTIFIER = vasapol.SDCareUITests;
				PRODUCT_NAME = "$(TARGET_NAME)";
				SDKROOT = auto;
				SUPPORTED_PLATFORMS = "iphoneos iphonesimulator macosx";
				SWIFT_EMIT_LOC_STRINGS = NO;
				SWIFT_VERSION = 5.0;
				TARGETED_DEVICE_FAMILY = "1,2";
				TEST_TARGET_NAME = SDCare;
			};
			name = Debug;
		};
		731CD2ED29AA6E9100F29A26 /* Release */ = {
			isa = XCBuildConfiguration;
			buildSettings = {
				ALWAYS_EMBED_SWIFT_STANDARD_LIBRARIES = YES;
				CODE_SIGN_STYLE = Automatic;
				CURRENT_PROJECT_VERSION = 1;
				DEVELOPMENT_TEAM = 3LC3M2K977;
				GENERATE_INFOPLIST_FILE = YES;
				IPHONEOS_DEPLOYMENT_TARGET = 16.2;
				MACOSX_DEPLOYMENT_TARGET = 13.1;
				MARKETING_VERSION = 1.0;
				PRODUCT_BUNDLE_IDENTIFIER = vasapol.SDCareUITests;
				PRODUCT_NAME = "$(TARGET_NAME)";
				SDKROOT = auto;
				SUPPORTED_PLATFORMS = "iphoneos iphonesimulator macosx";
				SWIFT_EMIT_LOC_STRINGS = NO;
				SWIFT_VERSION = 5.0;
				TARGETED_DEVICE_FAMILY = "1,2";
				TEST_TARGET_NAME = SDCare;
			};
			name = Release;
		};
/* End XCBuildConfiguration section */

/* Begin XCConfigurationList section */
		731CD2BB29AA6E9000F29A26 /* Build configuration list for PBXProject "SDCare" */ = {
			isa = XCConfigurationList;
			buildConfigurations = (
				731CD2E329AA6E9100F29A26 /* Debug */,
				731CD2E429AA6E9100F29A26 /* Release */,
			);
			defaultConfigurationIsVisible = 0;
			defaultConfigurationName = Release;
		};
		731CD2E529AA6E9100F29A26 /* Build configuration list for PBXNativeTarget "SDCare" */ = {
			isa = XCConfigurationList;
			buildConfigurations = (
				731CD2E629AA6E9100F29A26 /* Debug */,
				731CD2E729AA6E9100F29A26 /* Release */,
			);
			defaultConfigurationIsVisible = 0;
			defaultConfigurationName = Release;
		};
		731CD2E829AA6E9100F29A26 /* Build configuration list for PBXNativeTarget "SDCareTests" */ = {
			isa = XCConfigurationList;
			buildConfigurations = (
				731CD2E929AA6E9100F29A26 /* Debug */,
				731CD2EA29AA6E9100F29A26 /* Release */,
			);
			defaultConfigurationIsVisible = 0;
			defaultConfigurationName = Release;
		};
		731CD2EB29AA6E9100F29A26 /* Build configuration list for PBXNativeTarget "SDCareUITests" */ = {
			isa = XCConfigurationList;
			buildConfigurations = (
				731CD2EC29AA6E9100F29A26 /* Debug */,
				731CD2ED29AA6E9100F29A26 /* Release */,
			);
			defaultConfigurationIsVisible = 0;
			defaultConfigurationName = Release;
		};
/* End XCConfigurationList section */
	};
	rootObject = 731CD2B829AA6E9000F29A26 /* Project object */;
}
